// !$*UTF8*$!
{
	archiveVersion = 1;
	classes = {
	};
	objectVersion = 77;
	objects = {

/* Begin PBXBuildFile section */
		2B5DF5D43066315800949CE2 /* AppDelegate.swift in Sources */ = {isa = PBXBuildFile; fileRef = 2B5DF5D33066315800949CE2 /* AppDelegate.swift */; };
		2B5DF5D63066315800949CE2 /* SceneDelegate.swift in Sources */ = {isa = PBXBuildFile; fileRef = 2B5DF5D53066315800949CE2 /* SceneDelegate.swift */; };
		2B5DF5D93066315800949CE2 /* LaunchScreen.storyboard in Resources */ = {isa = PBXBuildFile; fileRef = 2B5DF5D73066315800949CE2 /* LaunchScreen.storyboard */; };
		2B5DF5DC3066315800949CE2 /* Main.storyboard in Resources */ = {isa = PBXBuildFile; fileRef = 2B5DF5DA3066315800949CE2 /* Main.storyboard */; };
		2B5DF5E53066315800949CE2 /* AppDelegate.swift in Sources */ = {isa = PBXBuildFile; fileRef = 2B5DF5E43066315800949CE2 /* AppDelegate.swift */; };
		2B5DF5E83066315800949CE2 /* Main.storyboard in Resources */ = {isa = PBXBuildFile; fileRef = 2B5DF5E63066315800949CE2 /* Main.storyboard */; };
		2B5DF5EF3066315800949CE2 /* Bilibili CDN Switcher Extension.appex in Embed Foundation Extensions */ = {isa = PBXBuildFile; fileRef = 2B5DF5EE3066315800949CE2 /* Bilibili CDN Switcher Extension.appex */; settings = {ATTRIBUTES = (RemoveHeadersOnCopy, ); }; };
		2B5DF5F93066315800949CE2 /* Bilibili CDN Switcher Extension.appex in Embed Foundation Extensions */ = {isa = PBXBuildFile; fileRef = 2B5DF5F83066315800949CE2 /* Bilibili CDN Switcher Extension.appex */; settings = {ATTRIBUTES = (RemoveHeadersOnCopy, ); }; };
		2B5DF5FE3066315800949CE2 /* Main.html in Resources */ = {isa = PBXBuildFile; fileRef = 2B5DF5C33066315600949CE2 /* Main.html */; };
		2B5DF5FF3066315800949CE2 /* Main.html in Resources */ = {isa = PBXBuildFile; fileRef = 2B5DF5C33066315600949CE2 /* Main.html */; };
		2B5DF6003066315800949CE2 /* Icon.png in Resources */ = {isa = PBXBuildFile; fileRef = 2B5DF5C53066315600949CE2 /* Icon.png */; };
		2B5DF6013066315800949CE2 /* Icon.png in Resources */ = {isa = PBXBuildFile; fileRef = 2B5DF5C53066315600949CE2 /* Icon.png */; };
		2B5DF6023066315800949CE2 /* Style.css in Resources */ = {isa = PBXBuildFile; fileRef = 2B5DF5C63066315600949CE2 /* Style.css */; };
		2B5DF6033066315800949CE2 /* Style.css in Resources */ = {isa = PBXBuildFile; fileRef = 2B5DF5C63066315600949CE2 /* Style.css */; };
		2B5DF6043066315800949CE2 /* Script.js in Resources */ = {isa = PBXBuildFile; fileRef = 2B5DF5C73066315600949CE2 /* Script.js */; };
		2B5DF6053066315800949CE2 /* Script.js in Resources */ = {isa = PBXBuildFile; fileRef = 2B5DF5C73066315600949CE2 /* Script.js */; };
		2B5DF6063066315800949CE2 /* ViewController.swift in Sources */ = {isa = PBXBuildFile; fileRef = 2B5DF5C83066315600949CE2 /* ViewController.swift */; };
		2B5DF6073066315800949CE2 /* ViewController.swift in Sources */ = {isa = PBXBuildFile; fileRef = 2B5DF5C83066315600949CE2 /* ViewController.swift */; };
		2B5DF6083066315800949CE2 /* Assets.xcassets in Resources */ = {isa = PBXBuildFile; fileRef = 2B5DF5C93066315800949CE2 /* Assets.xcassets */; };
		2B5DF6093066315800949CE2 /* Assets.xcassets in Resources */ = {isa = PBXBuildFile; fileRef = 2B5DF5C93066315800949CE2 /* Assets.xcassets */; };
		2B5DF60A3066315800949CE2 /* SafariWebExtensionHandler.swift in Sources */ = {isa = PBXBuildFile; fileRef = 2B5DF5CB3066315800949CE2 /* SafariWebExtensionHandler.swift */; };
		2B5DF60B3066315800949CE2 /* SafariWebExtensionHandler.swift in Sources */ = {isa = PBXBuildFile; fileRef = 2B5DF5CB3066315800949CE2 /* SafariWebExtensionHandler.swift */; };
		2B5DF6263066315B00949CE2 /* popup.js in Resources */ = {isa = PBXBuildFile; fileRef = 2B5DF61D3066315B00949CE2 /* popup.js */; };
		2B5DF6273066315B00949CE2 /* bridge.js in Resources */ = {isa = PBXBuildFile; fileRef = 2B5DF61E3066315B00949CE2 /* bridge.js */; };
		2B5DF6283066315B00949CE2 /* popup.html in Resources */ = {isa = PBXBuildFile; fileRef = 2B5DF61F3066315B00949CE2 /* popup.html */; };
		2B5DF6293066315B00949CE2 /* manifest.firefox.json in Resources */ = {isa = PBXBuildFile; fileRef = 2B5DF6203066315B00949CE2 /* manifest.firefox.json */; };
		2B5DF62A3066315B00949CE2 /* icons in Resources */ = {isa = PBXBuildFile; fileRef = 2B5DF6213066315B00949CE2 /* icons */; };
		2B5DF62B3066315B00949CE2 /* manifest.json in Resources */ = {isa = PBXBuildFile; fileRef = 2B5DF6223066315B00949CE2 /* manifest.json */; };
		2B5DF62C3066315B00949CE2 /* _locales in Resources */ = {isa = PBXBuildFile; fileRef = 2B5DF6233066315B00949CE2 /* _locales */; };
		2B5DF62D3066315B00949CE2 /* cdn-list.json in Resources */ = {isa = PBXBuildFile; fileRef = 2B5DF6243066315B00949CE2 /* cdn-list.json */; };
		2B5DF62E3066315B00949CE2 /* main-hook.js in Resources */ = {isa = PBXBuildFile; fileRef = 2B5DF6253066315B00949CE2 /* main-hook.js */; };
		2B5DF62F3066315B00949CE2 /* popup.js in Resources */ = {isa = PBXBuildFile; fileRef = 2B5DF61D3066315B00949CE2 /* popup.js */; };
		2B5DF6303066315B00949CE2 /* bridge.js in Resources */ = {isa = PBXBuildFile; fileRef = 2B5DF61E3066315B00949CE2 /* bridge.js */; };
		2B5DF6313066315B00949CE2 /* popup.html in Resources */ = {isa = PBXBuildFile; fileRef = 2B5DF61F3066315B00949CE2 /* popup.html */; };
		2B5DF6323066315B00949CE2 /* manifest.firefox.json in Resources */ = {isa = PBXBuildFile; fileRef = 2B5DF6203066315B00949CE2 /* manifest.firefox.json */; };
		2B5DF6333066315B00949CE2 /* icons in Resources */ = {isa = PBXBuildFile; fileRef = 2B5DF6213066315B00949CE2 /* icons */; };
		2B5DF6343066315B00949CE2 /* manifest.json in Resources */ = {isa = PBXBuildFile; fileRef = 2B5DF6223066315B00949CE2 /* manifest.json */; };
		2B5DF6353066315B00949CE2 /* _locales in Resources */ = {isa = PBXBuildFile; fileRef = 2B5DF6233066315B00949CE2 /* _locales */; };
		2B5DF6363066315B00949CE2 /* cdn-list.json in Resources */ = {isa = PBXBuildFile; fileRef = 2B5DF6243066315B00949CE2 /* cdn-list.json */; };
		2B5DF6373066315B00949CE2 /* main-hook.js in Resources */ = {isa = PBXBuildFile; fileRef = 2B5DF6253066315B00949CE2 /* main-hook.js */; };
/* End PBXBuildFile section */

/* Begin PBXContainerItemProxy section */
		2B5DF5F03066315800949CE2 /* PBXContainerItemProxy */ = {
			isa = PBXContainerItemProxy;
			containerPortal = 2B5DF5BD3066315500949CE2 /* Project object */;
			proxyType = 1;
			remoteGlobalIDString = 2B5DF5ED3066315800949CE2;
			remoteInfo = "Bilibili CDN Switcher Extension (iOS)";
		};
		2B5DF5FA3066315800949CE2 /* PBXContainerItemProxy */ = {
			isa = PBXContainerItemProxy;
			containerPortal = 2B5DF5BD3066315500949CE2 /* Project object */;
			proxyType = 1;
			remoteGlobalIDString = 2B5DF5F73066315800949CE2;
			remoteInfo = "Bilibili CDN Switcher Extension (macOS)";
		};
/* End PBXContainerItemProxy section */

/* Begin PBXCopyFilesBuildPhase section */
		2B5DF6113066315800949CE2 /* Embed Foundation Extensions */ = {
			isa = PBXCopyFilesBuildPhase;
			buildActionMask = 2147483647;
			dstPath = "";
			dstSubfolderSpec = 13;
			files = (
				2B5DF5EF3066315800949CE2 /* Bilibili CDN Switcher Extension.appex in Embed Foundation Extensions */,
			);
			name = "Embed Foundation Extensions";
			runOnlyForDeploymentPostprocessing = 0;
		};
		2B5DF6183066315800949CE2 /* Embed Foundation Extensions */ = {
			isa = PBXCopyFilesBuildPhase;
			buildActionMask = 2147483647;
			dstPath = "";
			dstSubfolderSpec = 13;
			files = (
				2B5DF5F93066315800949CE2 /* Bilibili CDN Switcher Extension.appex in Embed Foundation Extensions */,
			);
			name = "Embed Foundation Extensions";
			runOnlyForDeploymentPostprocessing = 0;
		};
/* End PBXCopyFilesBuildPhase section */

/* Begin PBXFileReference section */
		2B5DF5C43066315600949CE2 /* Base */ = {isa = PBXFileReference; lastKnownFileType = text.html; name = Base; path = Base.lproj/Main.html; sourceTree = "<group>"; };
		2B5DF5C53066315600949CE2 /* Icon.png */ = {isa = PBXFileReference; lastKnownFileType = image.png; path = Icon.png; sourceTree = "<group>"; };
		2B5DF5C63066315600949CE2 /* Style.css */ = {isa = PBXFileReference; lastKnownFileType = text.css; path = Style.css; sourceTree = "<group>"; };
		2B5DF5C73066315600949CE2 /* Script.js */ = {isa = PBXFileReference; lastKnownFileType = sourcecode.javascript; path = Script.js; sourceTree = "<group>"; };
		2B5DF5C83066315600949CE2 /* ViewController.swift */ = {isa = PBXFileReference; lastKnownFileType = sourcecode.swift; path = ViewController.swift; sourceTree = "<group>"; };
		2B5DF5C93066315800949CE2 /* Assets.xcassets */ = {isa = PBXFileReference; lastKnownFileType = folder.assetcatalog; path = Assets.xcassets; sourceTree = "<group>"; };
		2B5DF5CB3066315800949CE2 /* SafariWebExtensionHandler.swift */ = {isa = PBXFileReference; lastKnownFileType = sourcecode.swift; path = SafariWebExtensionHandler.swift; sourceTree = "<group>"; };
		2B5DF5D03066315800949CE2 /* Bilibili CDN Switcher.app */ = {isa = PBXFileReference; explicitFileType = wrapper.application; includeInIndex = 0; path = "Bilibili CDN Switcher.app"; sourceTree = BUILT_PRODUCTS_DIR; };
		2B5DF5D33066315800949CE2 /* AppDelegate.swift */ = {isa = PBXFileReference; lastKnownFileType = sourcecode.swift; path = AppDelegate.swift; sourceTree = "<group>"; };
		2B5DF5D53066315800949CE2 /* SceneDelegate.swift */ = {isa = PBXFileReference; lastKnownFileType = sourcecode.swift; path = SceneDelegate.swift; sourceTree = "<group>"; };
		2B5DF5D83066315800949CE2 /* Base */ = {isa = PBXFileReference; lastKnownFileType = file.storyboard; name = Base; path = Base.lproj/LaunchScreen.storyboard; sourceTree = "<group>"; };
		2B5DF5DB3066315800949CE2 /* Base */ = {isa = PBXFileReference; lastKnownFileType = file.storyboard; name = Base; path = Base.lproj/Main.storyboard; sourceTree = "<group>"; };
		2B5DF5DD3066315800949CE2 /* Info.plist */ = {isa = PBXFileReference; lastKnownFileType = text.plist.xml; path = Info.plist; sourceTree = "<group>"; };
		2B5DF5E23066315800949CE2 /* Bilibili CDN Switcher.app */ = {isa = PBXFileReference; explicitFileType = wrapper.application; includeInIndex = 0; path = "Bilibili CDN Switcher.app"; sourceTree = BUILT_PRODUCTS_DIR; };
		2B5DF5E43066315800949CE2 /* AppDelegate.swift */ = {isa = PBXFileReference; lastKnownFileType = sourcecode.swift; path = AppDelegate.swift; sourceTree = "<group>"; };
		2B5DF5E73066315800949CE2 /* Base */ = {isa = PBXFileReference; lastKnownFileType = file.storyboard; name = Base; path = Base.lproj/Main.storyboard; sourceTree = "<group>"; };
		2B5DF5E93066315800949CE2 /* Info.plist */ = {isa = PBXFileReference; lastKnownFileType = text.plist.xml; path = Info.plist; sourceTree = "<group>"; };
		2B5DF5EE3066315800949CE2 /* Bilibili CDN Switcher Extension.appex */ = {isa = PBXFileReference; explicitFileType = "wrapper.app-extension"; includeInIndex = 0; path = "Bilibili CDN Switcher Extension.appex"; sourceTree = BUILT_PRODUCTS_DIR; };
		2B5DF5F33066315800949CE2 /* Info.plist */ = {isa = PBXFileReference; lastKnownFileType = text.plist.xml; path = Info.plist; sourceTree = "<group>"; };
		2B5DF5F83066315800949CE2 /* Bilibili CDN Switcher Extension.appex */ = {isa = PBXFileReference; explicitFileType = "wrapper.app-extension"; includeInIndex = 0; path = "Bilibili CDN Switcher Extension.appex"; sourceTree = BUILT_PRODUCTS_DIR; };
		2B5DF5FD3066315800949CE2 /* Info.plist */ = {isa = PBXFileReference; lastKnownFileType = text.plist.xml; path = Info.plist; sourceTree = "<group>"; };
		2B5DF61D3066315B00949CE2 /* popup.js */ = {isa = PBXFileReference; lastKnownFileType = sourcecode.javascript; name = popup.js; path = ../../../src/popup.js; sourceTree = "<group>"; };
		2B5DF61E3066315B00949CE2 /* bridge.js */ = {isa = PBXFileReference; lastKnownFileType = sourcecode.javascript; name = bridge.js; path = ../../../src/bridge.js; sourceTree = "<group>"; };
		2B5DF61F3066315B00949CE2 /* popup.html */ = {isa = PBXFileReference; lastKnownFileType = text.html; name = popup.html; path = ../../../src/popup.html; sourceTree = "<group>"; };
		2B5DF6203066315B00949CE2 /* manifest.firefox.json */ = {isa = PBXFileReference; lastKnownFileType = text.json; name = manifest.firefox.json; path = ../../../src/manifest.firefox.json; sourceTree = "<group>"; };
		2B5DF6213066315B00949CE2 /* icons */ = {isa = PBXFileReference; lastKnownFileType = folder; name = icons; path = ../../../src/icons; sourceTree = "<group>"; };
		2B5DF6223066315B00949CE2 /* manifest.json */ = {isa = PBXFileReference; lastKnownFileType = text.json; name = manifest.json; path = ../../../src/manifest.json; sourceTree = "<group>"; };
		2B5DF6233066315B00949CE2 /* _locales */ = {isa = PBXFileReference; lastKnownFileType = folder; name = _locales; path = ../../../src/_locales; sourceTree = "<group>"; };
		2B5DF6243066315B00949CE2 /* cdn-list.json */ = {isa = PBXFileReference; lastKnownFileType = text.json; name = "cdn-list.json"; path = "../../../src/cdn-list.json"; sourceTree = "<group>"; };
		2B5DF6253066315B00949CE2 /* main-hook.js */ = {isa = PBXFileReference; lastKnownFileType = sourcecode.javascript; name = "main-hook.js"; path = "../../../src/main-hook.js"; sourceTree = "<group>"; };
/* End PBXFileReference section */

/* Begin PBXFrameworksBuildPhase section */
		2B5DF5CD3066315800949CE2 /* Frameworks */ = {
			isa = PBXFrameworksBuildPhase;
			buildActionMask = 2147483647;
			files = (
			);
			runOnlyForDeploymentPostprocessing = 0;
		};
		2B5DF5DF3066315800949CE2 /* Frameworks */ = {
			isa = PBXFrameworksBuildPhase;
			buildActionMask = 2147483647;
			files = (
			);
			runOnlyForDeploymentPostprocessing = 0;
		};
		2B5DF5EB3066315800949CE2 /* Frameworks */ = {
			isa = PBXFrameworksBuildPhase;
			buildActionMask = 2147483647;
			files = (
			);
			runOnlyForDeploymentPostprocessing = 0;
		};
		2B5DF5F53066315800949CE2 /* Frameworks */ = {
			isa = PBXFrameworksBuildPhase;
			buildActionMask = 2147483647;
			files = (
			);
			runOnlyForDeploymentPostprocessing = 0;
		};
/* End PBXFrameworksBuildPhase section */

/* Begin PBXGroup section */
		2B5DF5BC3066315500949CE2 = {
			isa = PBXGroup;
			children = (
				2B5DF5C13066315600949CE2 /* Shared (App) */,
				2B5DF5CA3066315800949CE2 /* Shared (Extension) */,
				2B5DF5D23066315800949CE2 /* iOS (App) */,
				2B5DF5E33066315800949CE2 /* macOS (App) */,
				2B5DF5F23066315800949CE2 /* iOS (Extension) */,
				2B5DF5FC3066315800949CE2 /* macOS (Extension) */,
				2B5DF5D13066315800949CE2 /* Products */,
			);
			sourceTree = "<group>";
		};
		2B5DF5C13066315600949CE2 /* Shared (App) */ = {
			isa = PBXGroup;
			children = (
				2B5DF5C83066315600949CE2 /* ViewController.swift */,
				2B5DF5C93066315800949CE2 /* Assets.xcassets */,
				2B5DF5C23066315600949CE2 /* Resources */,
			);
			path = "Shared (App)";
			sourceTree = "<group>";
		};
		2B5DF5C23066315600949CE2 /* Resources */ = {
			isa = PBXGroup;
			children = (
				2B5DF5C33066315600949CE2 /* Main.html */,
				2B5DF5C53066315600949CE2 /* Icon.png */,
				2B5DF5C63066315600949CE2 /* Style.css */,
				2B5DF5C73066315600949CE2 /* Script.js */,
			);
			path = Resources;
			sourceTree = "<group>";
		};
		2B5DF5CA3066315800949CE2 /* Shared (Extension) */ = {
			isa = PBXGroup;
			children = (
				2B5DF61C3066315B00949CE2 /* Resources */,
				2B5DF5CB3066315800949CE2 /* SafariWebExtensionHandler.swift */,
			);
			path = "Shared (Extension)";
			sourceTree = "<group>";
		};
		2B5DF5D13066315800949CE2 /* Products */ = {
			isa = PBXGroup;
			children = (
				2B5DF5D03066315800949CE2 /* Bilibili CDN Switcher.app */,
				2B5DF5E23066315800949CE2 /* Bilibili CDN Switcher.app */,
				2B5DF5EE3066315800949CE2 /* Bilibili CDN Switcher Extension.appex */,
				2B5DF5F83066315800949CE2 /* Bilibili CDN Switcher Extension.appex */,
			);
			name = Products;
			sourceTree = "<group>";
		};
		2B5DF5D23066315800949CE2 /* iOS (App) */ = {
			isa = PBXGroup;
			children = (
				2B5DF5D33066315800949CE2 /* AppDelegate.swift */,
				2B5DF5D53066315800949CE2 /* SceneDelegate.swift */,
				2B5DF5D73066315800949CE2 /* LaunchScreen.storyboard */,
				2B5DF5DA3066315800949CE2 /* Main.storyboard */,
				2B5DF5DD3066315800949CE2 /* Info.plist */,
			);
			path = "iOS (App)";
			sourceTree = "<group>";
		};
		2B5DF5E33066315800949CE2 /* macOS (App) */ = {
			isa = PBXGroup;
			children = (
				2B5DF5E43066315800949CE2 /* AppDelegate.swift */,
				2B5DF5E63066315800949CE2 /* Main.storyboard */,
				2B5DF5E93066315800949CE2 /* Info.plist */,
			);
			path = "macOS (App)";
			sourceTree = "<group>";
		};
		2B5DF5F23066315800949CE2 /* iOS (Extension) */ = {
			isa = PBXGroup;
			children = (
				2B5DF5F33066315800949CE2 /* Info.plist */,
			);
			path = "iOS (Extension)";
			sourceTree = "<group>";
		};
		2B5DF5FC3066315800949CE2 /* macOS (Extension) */ = {
			isa = PBXGroup;
			children = (
				2B5DF5FD3066315800949CE2 /* Info.plist */,
			);
			path = "macOS (Extension)";
			sourceTree = "<group>";
		};
		2B5DF61C3066315B00949CE2 /* Resources */ = {
			isa = PBXGroup;
			children = (
				2B5DF61D3066315B00949CE2 /* popup.js */,
				2B5DF61E3066315B00949CE2 /* bridge.js */,
				2B5DF61F3066315B00949CE2 /* popup.html */,
				2B5DF6203066315B00949CE2 /* manifest.firefox.json */,
				2B5DF6213066315B00949CE2 /* icons */,
				2B5DF6223066315B00949CE2 /* manifest.json */,
				2B5DF6233066315B00949CE2 /* _locales */,
				2B5DF6243066315B00949CE2 /* cdn-list.json */,
				2B5DF6253066315B00949CE2 /* main-hook.js */,
			);
			name = Resources;
			path = "Shared (Extension)";
			sourceTree = SOURCE_ROOT;
		};
/* End PBXGroup section */

/* Begin PBXNativeTarget section */
		2B5DF5CF3066315800949CE2 /* Bilibili CDN Switcher (iOS) */ = {
			isa = PBXNativeTarget;
			buildConfigurationList = 2B5DF6123066315800949CE2 /* Build configuration list for PBXNativeTarget "Bilibili CDN Switcher (iOS)" */;
			buildPhases = (
				2B5DF5CC3066315800949CE2 /* Sources */,
				2B5DF5CD3066315800949CE2 /* Frameworks */,
				2B5DF5CE3066315800949CE2 /* Resources */,
				2B5DF6113066315800949CE2 /* Embed Foundation Extensions */,
			);
			buildRules = (
			);
			dependencies = (
				2B5DF5F13066315800949CE2 /* PBXTargetDependency */,
			);
			name = "Bilibili CDN Switcher (iOS)";
			packageProductDependencies = (
			);
			productName = "Bilibili CDN Switcher (iOS)";
			productReference = 2B5DF5D03066315800949CE2 /* Bilibili CDN Switcher.app */;
			productType = "com.apple.product-type.application";
		};
		2B5DF5E13066315800949CE2 /* Bilibili CDN Switcher (macOS) */ = {
			isa = PBXNativeTarget;
			buildConfigurationList = 2B5DF6193066315800949CE2 /* Build configuration list for PBXNativeTarget "Bilibili CDN Switcher (macOS)" */;
			buildPhases = (
				2B5DF5DE3066315800949CE2 /* Sources */,
				2B5DF5DF3066315800949CE2 /* Frameworks */,
				2B5DF5E03066315800949CE2 /* Resources */,
				2B5DF6183066315800949CE2 /* Embed Foundation Extensions */,
			);
			buildRules = (
			);
			dependencies = (
				2B5DF5FB3066315800949CE2 /* PBXTargetDependency */,
			);
			name = "Bilibili CDN Switcher (macOS)";
			packageProductDependencies = (
			);
			productName = "Bilibili CDN Switcher (macOS)";
			productReference = 2B5DF5E23066315800949CE2 /* Bilibili CDN Switcher.app */;
			productType = "com.apple.product-type.application";
		};
		2B5DF5ED3066315800949CE2 /* Bilibili CDN Switcher Extension (iOS) */ = {
			isa = PBXNativeTarget;
			buildConfigurationList = 2B5DF60E3066315800949CE2 /* Build configuration list for PBXNativeTarget "Bilibili CDN Switcher Extension (iOS)" */;
			buildPhases = (
				2B5DF5EA3066315800949CE2 /* Sources */,
				2B5DF5EB3066315800949CE2 /* Frameworks */,
				2B5DF5EC3066315800949CE2 /* Resources */,
			);
			buildRules = (
			);
			dependencies = (
			);
			name = "Bilibili CDN Switcher Extension (iOS)";
			packageProductDependencies = (
			);
			productName = "Bilibili CDN Switcher Extension (iOS)";
			productReference = 2B5DF5EE3066315800949CE2 /* Bilibili CDN Switcher Extension.appex */;
			productType = "com.apple.product-type.app-extension";
		};
		2B5DF5F73066315800949CE2 /* Bilibili CDN Switcher Extension (macOS) */ = {
			isa = PBXNativeTarget;
			buildConfigurationList = 2B5DF6153066315800949CE2 /* Build configuration list for PBXNativeTarget "Bilibili CDN Switcher Extension (macOS)" */;
			buildPhases = (
				2B5DF5F43066315800949CE2 /* Sources */,
				2B5DF5F53066315800949CE2 /* Frameworks */,
				2B5DF5F63066315800949CE2 /* Resources */,
			);
			buildRules = (
			);
			dependencies = (
			);
			name = "Bilibili CDN Switcher Extension (macOS)";
			packageProductDependencies = (
			);
			productName = "Bilibili CDN Switcher Extension (macOS)";
			productReference = 2B5DF5F83066315800949CE2 /* Bilibili CDN Switcher Extension.appex */;
			productType = "com.apple.product-type.app-extension";
		};
/* End PBXNativeTarget section */

/* Begin PBXProject section */
		2B5DF5BD3066315500949CE2 /* Project object */ = {
			isa = PBXProject;
			attributes = {
				BuildIndependentTargetsInParallel = 1;
				LastSwiftUpdateCheck = 2630;
				LastUpgradeCheck = 2630;
				TargetAttributes = {
					2B5DF5CF3066315800949CE2 = {
						CreatedOnToolsVersion = 26.3;
					};
					2B5DF5E13066315800949CE2 = {
						CreatedOnToolsVersion = 26.3;
					};
					2B5DF5ED3066315800949CE2 = {
						CreatedOnToolsVersion = 26.3;
					};
					2B5DF5F73066315800949CE2 = {
						CreatedOnToolsVersion = 26.3;
					};
				};
			};
			buildConfigurationList = 2B5DF5C03066315500949CE2 /* Build configuration list for PBXProject "Bilibili CDN Switcher" */;
			developmentRegion = en;
			hasScannedForEncodings = 0;
			knownRegions = (
				en,
				Base,
			);
			mainGroup = 2B5DF5BC3066315500949CE2;
			minimizedProjectReferenceProxies = 1;
			preferredProjectObjectVersion = 77;
			productRefGroup = 2B5DF5D13066315800949CE2 /* Products */;
			projectDirPath = "";
			projectRoot = "";
			targets = (
				2B5DF5CF3066315800949CE2 /* Bilibili CDN Switcher (iOS) */,
				2B5DF5E13066315800949CE2 /* Bilibili CDN Switcher (macOS) */,
				2B5DF5ED3066315800949CE2 /* Bilibili CDN Switcher Extension (iOS) */,
				2B5DF5F73066315800949CE2 /* Bilibili CDN Switcher Extension (macOS) */,
			);
		};
/* End PBXProject section */

/* Begin PBXResourcesBuildPhase section */
		2B5DF5CE3066315800949CE2 /* Resources */ = {
			isa = PBXResourcesBuildPhase;
			buildActionMask = 2147483647;
			files = (
				2B5DF6003066315800949CE2 /* Icon.png in Resources */,
				2B5DF5D93066315800949CE2 /* LaunchScreen.storyboard in Resources */,
				2B5DF5FE3066315800949CE2 /* Main.html in Resources */,
				2B5DF6043066315800949CE2 /* Script.js in Resources */,
				2B5DF6083066315800949CE2 /* Assets.xcassets in Resources */,
				2B5DF5DC3066315800949CE2 /* Main.storyboard in Resources */,
				2B5DF6023066315800949CE2 /* Style.css in Resources */,
			);
			runOnlyForDeploymentPostprocessing = 0;
		};
		2B5DF5E03066315800949CE2 /* Resources */ = {
			isa = PBXResourcesBuildPhase;
			buildActionMask = 2147483647;
			files = (
				2B5DF6013066315800949CE2 /* Icon.png in Resources */,
				2B5DF6033066315800949CE2 /* Style.css in Resources */,
				2B5DF5E83066315800949CE2 /* Main.storyboard in Resources */,
				2B5DF6053066315800949CE2 /* Script.js in Resources */,
				2B5DF6093066315800949CE2 /* Assets.xcassets in Resources */,
				2B5DF5FF3066315800949CE2 /* Main.html in Resources */,
			);
			runOnlyForDeploymentPostprocessing = 0;
		};
		2B5DF5EC3066315800949CE2 /* Resources */ = {
			isa = PBXResourcesBuildPhase;
			buildActionMask = 2147483647;
			files = (
				2B5DF62F3066315B00949CE2 /* popup.js in Resources */,
				2B5DF6323066315B00949CE2 /* manifest.firefox.json in Resources */,
				2B5DF6313066315B00949CE2 /* popup.html in Resources */,
				2B5DF6363066315B00949CE2 /* cdn-list.json in Resources */,
				2B5DF6333066315B00949CE2 /* icons in Resources */,
				2B5DF6343066315B00949CE2 /* manifest.json in Resources */,
				2B5DF6353066315B00949CE2 /* _locales in Resources */,
				2B5DF6373066315B00949CE2 /* main-hook.js in Resources */,
				2B5DF6303066315B00949CE2 /* bridge.js in Resources */,
			);
			runOnlyForDeploymentPostprocessing = 0;
		};
		2B5DF5F63066315800949CE2 /* Resources */ = {
			isa = PBXResourcesBuildPhase;
			buildActionMask = 2147483647;
			files = (
				2B5DF6263066315B00949CE2 /* popup.js in Resources */,
				2B5DF6293066315B00949CE2 /* manifest.firefox.json in Resources */,
				2B5DF6283066315B00949CE2 /* popup.html in Resources */,
				2B5DF62D3066315B00949CE2 /* cdn-list.json in Resources */,
				2B5DF62A3066315B00949CE2 /* icons in Resources */,
				2B5DF62B3066315B00949CE2 /* manifest.json in Resources */,
				2B5DF62C3066315B00949CE2 /* _locales in Resources */,
				2B5DF62E3066315B00949CE2 /* main-hook.js in Resources */,
				2B5DF6273066315B00949CE2 /* bridge.js in Resources */,
			);
			runOnlyForDeploymentPostprocessing = 0;
		};
/* End PBXResourcesBuildPhase section */

/* Begin PBXSourcesBuildPhase section */
		2B5DF5CC3066315800949CE2 /* Sources */ = {
			isa = PBXSourcesBuildPhase;
			buildActionMask = 2147483647;
			files = (
				2B5DF6063066315800949CE2 /* ViewController.swift in Sources */,
				2B5DF5D43066315800949CE2 /* AppDelegate.swift in Sources */,
				2B5DF5D63066315800949CE2 /* SceneDelegate.swift in Sources */,
			);
			runOnlyForDeploymentPostprocessing = 0;
		};
		2B5DF5DE3066315800949CE2 /* Sources */ = {
			isa = PBXSourcesBuildPhase;
			buildActionMask = 2147483647;
			files = (
				2B5DF6073066315800949CE2 /* ViewController.swift in Sources */,
				2B5DF5E53066315800949CE2 /* AppDelegate.swift in Sources */,
			);
			runOnlyForDeploymentPostprocessing = 0;
		};
		2B5DF5EA3066315800949CE2 /* Sources */ = {
			isa = PBXSourcesBuildPhase;
			buildActionMask = 2147483647;
			files = (
				2B5DF60A3066315800949CE2 /* SafariWebExtensionHandler.swift in Sources */,
			);
			runOnlyForDeploymentPostprocessing = 0;
		};
		2B5DF5F43066315800949CE2 /* Sources */ = {
			isa = PBXSourcesBuildPhase;
			buildActionMask = 2147483647;
			files = (
				2B5DF60B3066315800949CE2 /* SafariWebExtensionHandler.swift in Sources */,
			);
			runOnlyForDeploymentPostprocessing = 0;
		};
/* End PBXSourcesBuildPhase section */

/* Begin PBXTargetDependency section */
		2B5DF5F13066315800949CE2 /* PBXTargetDependency */ = {
			isa = PBXTargetDependency;
			target = 2B5DF5ED3066315800949CE2 /* Bilibili CDN Switcher Extension (iOS) */;
			targetProxy = 2B5DF5F03066315800949CE2 /* PBXContainerItemProxy */;
		};
		2B5DF5FB3066315800949CE2 /* PBXTargetDependency */ = {
			isa = PBXTargetDependency;
			target = 2B5DF5F73066315800949CE2 /* Bilibili CDN Switcher Extension (macOS) */;
			targetProxy = 2B5DF5FA3066315800949CE2 /* PBXContainerItemProxy */;
		};
/* End PBXTargetDependency section */

/* Begin PBXVariantGroup section */
		2B5DF5C33066315600949CE2 /* Main.html */ = {
			isa = PBXVariantGroup;
			children = (
				2B5DF5C43066315600949CE2 /* Base */,
			);
			name = Main.html;
			sourceTree = "<group>";
		};
		2B5DF5D73066315800949CE2 /* LaunchScreen.storyboard */ = {
			isa = PBXVariantGroup;
			children = (
				2B5DF5D83066315800949CE2 /* Base */,
			);
			name = LaunchScreen.storyboard;
			sourceTree = "<group>";
		};
		2B5DF5DA3066315800949CE2 /* Main.storyboard */ = {
			isa = PBXVariantGroup;
			children = (
				2B5DF5DB3066315800949CE2 /* Base */,
			);
			name = Main.storyboard;
			sourceTree = "<group>";
		};
		2B5DF5E63066315800949CE2 /* Main.storyboard */ = {
			isa = PBXVariantGroup;
			children = (
				2B5DF5E73066315800949CE2 /* Base */,
			);
			name = Main.storyboard;
			sourceTree = "<group>";
		};
/* End PBXVariantGroup section */

/* Begin XCBuildConfiguration section */
		2B5DF60C3066315800949CE2 /* Debug */ = {
			isa = XCBuildConfiguration;
			buildSettings = {
				ALWAYS_SEARCH_USER_PATHS = NO;
				ASSETCATALOG_COMPILER_GENERATE_SWIFT_ASSET_SYMBOL_EXTENSIONS = YES;
				CLANG_ANALYZER_NONNULL = YES;
				CLANG_ANALYZER_NUMBER_OBJECT_CONVERSION = YES_AGGRESSIVE;
				CLANG_CXX_LANGUAGE_STANDARD = "gnu++20";
				CLANG_ENABLE_MODULES = YES;
				CLANG_ENABLE_OBJC_ARC = YES;
				CLANG_ENABLE_OBJC_WEAK = YES;
				CLANG_WARN_BLOCK_CAPTURE_AUTORELEASING = YES;
				CLANG_WARN_BOOL_CONVERSION = YES;
				CLANG_WARN_COMMA = YES;
				CLANG_WARN_CONSTANT_CONVERSION = YES;
				CLANG_WARN_DEPRECATED_OBJC_IMPLEMENTATIONS = YES;
				CLANG_WARN_DIRECT_OBJC_ISA_USAGE = YES_ERROR;
				CLANG_WARN_DOCUMENTATION_COMMENTS = YES;
				CLANG_WARN_EMPTY_BODY = YES;
				CLANG_WARN_ENUM_CONVERSION = YES;
				CLANG_WARN_INFINITE_RECURSION = YES;
				CLANG_WARN_INT_CONVERSION = YES;
				CLANG_WARN_NON_LITERAL_NULL_CONVERSION = YES;
				CLANG_WARN_OBJC_IMPLICIT_RETAIN_SELF = YES;
				CLANG_WARN_OBJC_LITERAL_CONVERSION = YES;
				CLANG_WARN_OBJC_ROOT_CLASS = YES_ERROR;
				CLANG_WARN_QUOTED_INCLUDE_IN_FRAMEWORK_HEADER = YES;
				CLANG_WARN_RANGE_LOOP_ANALYSIS = YES;
				CLANG_WARN_STRICT_PROTOTYPES = YES;
				CLANG_WARN_SUSPICIOUS_MOVE = YES;
				CLANG_WARN_UNGUARDED_AVAILABILITY = YES_AGGRESSIVE;
				CLANG_WARN_UNREACHABLE_CODE = YES;
				CLANG_WARN__DUPLICATE_METHOD_MATCH = YES;
				COPY_PHASE_STRIP = NO;
				DEBUG_INFORMATION_FORMAT = dwarf;
				ENABLE_STRICT_OBJC_MSGSEND = YES;
				ENABLE_TESTABILITY = YES;
				ENABLE_USER_SCRIPT_SANDBOXING = YES;
				GCC_C_LANGUAGE_STANDARD = gnu17;
				GCC_DYNAMIC_NO_PIC = NO;
				GCC_NO_COMMON_BLOCKS = YES;
				GCC_OPTIMIZATION_LEVEL = 0;
				GCC_PREPROCESSOR_DEFINITIONS = (
					"DEBUG=1",
					"$(inherited)",
				);
				GCC_WARN_64_TO_32_BIT_CONVERSION = YES;
				GCC_WARN_ABOUT_RETURN_TYPE = YES_ERROR;
				GCC_WARN_UNDECLARED_SELECTOR = YES;
				GCC_WARN_UNINITIALIZED_AUTOS = YES_AGGRESSIVE;
				GCC_WARN_UNUSED_FUNCTION = YES;
				GCC_WARN_UNUSED_VARIABLE = YES;
				LOCALIZATION_PREFERS_STRING_CATALOGS = YES;
				MTL_ENABLE_DEBUG_INFO = INCLUDE_SOURCE;
				MTL_FAST_MATH = YES;
				ONLY_ACTIVE_ARCH = YES;
				SWIFT_ACTIVE_COMPILATION_CONDITIONS = "DEBUG $(inherited)";
				SWIFT_OPTIMIZATION_LEVEL = "-Onone";
			};
			name = Debug;
		};
		2B5DF60D3066315800949CE2 /* Release */ = {
			isa = XCBuildConfiguration;
			buildSettings = {
				ALWAYS_SEARCH_USER_PATHS = NO;
				ASSETCATALOG_COMPILER_GENERATE_SWIFT_ASSET_SYMBOL_EXTENSIONS = YES;
				CLANG_ANALYZER_NONNULL = YES;
				CLANG_ANALYZER_NUMBER_OBJECT_CONVERSION = YES_AGGRESSIVE;
				CLANG_CXX_LANGUAGE_STANDARD = "gnu++20";
				CLANG_ENABLE_MODULES = YES;
				CLANG_ENABLE_OBJC_ARC = YES;
				CLANG_ENABLE_OBJC_WEAK = YES;
				CLANG_WARN_BLOCK_CAPTURE_AUTORELEASING = YES;
				CLANG_WARN_BOOL_CONVERSION = YES;
				CLANG_WARN_COMMA = YES;
				CLANG_WARN_CONSTANT_CONVERSION = YES;
				CLANG_WARN_DEPRECATED_OBJC_IMPLEMENTATIONS = YES;
				CLANG_WARN_DIRECT_OBJC_ISA_USAGE = YES_ERROR;
				CLANG_WARN_DOCUMENTATION_COMMENTS = YES;
				CLANG_WARN_EMPTY_BODY = YES;
				CLANG_WARN_ENUM_CONVERSION = YES;
				CLANG_WARN_INFINITE_RECURSION = YES;
				CLANG_WARN_INT_CONVERSION = YES;
				CLANG_WARN_NON_LITERAL_NULL_CONVERSION = YES;
				CLANG_WARN_OBJC_IMPLICIT_RETAIN_SELF = YES;
				CLANG_WARN_OBJC_LITERAL_CONVERSION = YES;
				CLANG_WARN_OBJC_ROOT_CLASS = YES_ERROR;
				CLANG_WARN_QUOTED_INCLUDE_IN_FRAMEWORK_HEADER = YES;
				CLANG_WARN_RANGE_LOOP_ANALYSIS = YES;
				CLANG_WARN_STRICT_PROTOTYPES = YES;
				CLANG_WARN_SUSPICIOUS_MOVE = YES;
				CLANG_WARN_UNGUARDED_AVAILABILITY = YES_AGGRESSIVE;
				CLANG_WARN_UNREACHABLE_CODE = YES;
				CLANG_WARN__DUPLICATE_METHOD_MATCH = YES;
				COPY_PHASE_STRIP = NO;
				DEBUG_INFORMATION_FORMAT = "dwarf-with-dsym";
				ENABLE_NS_ASSERTIONS = NO;
				ENABLE_STRICT_OBJC_MSGSEND = YES;
				ENABLE_USER_SCRIPT_SANDBOXING = YES;
				GCC_C_LANGUAGE_STANDARD = gnu17;
				GCC_NO_COMMON_BLOCKS = YES;
				GCC_WARN_64_TO_32_BIT_CONVERSION = YES;
				GCC_WARN_ABOUT_RETURN_TYPE = YES_ERROR;
				GCC_WARN_UNDECLARED_SELECTOR = YES;
				GCC_WARN_UNINITIALIZED_AUTOS = YES_AGGRESSIVE;
				GCC_WARN_UNUSED_FUNCTION = YES;
				GCC_WARN_UNUSED_VARIABLE = YES;
				LOCALIZATION_PREFERS_STRING_CATALOGS = YES;
				MTL_ENABLE_DEBUG_INFO = NO;
				MTL_FAST_MATH = YES;
				SWIFT_COMPILATION_MODE = wholemodule;
			};
			name = Release;
		};
		2B5DF60F3066315800949CE2 /* Debug */ = {
			isa = XCBuildConfiguration;
			buildSettings = {
				CODE_SIGN_STYLE = Automatic;
				CURRENT_PROJECT_VERSION = 1;
				GENERATE_INFOPLIST_FILE = YES;
				INFOPLIST_FILE = "iOS (Extension)/Info.plist";
				INFOPLIST_KEY_CFBundleDisplayName = "Bilibili CDN Switcher Extension";
				INFOPLIST_KEY_NSHumanReadableCopyright = "";
				IPHONEOS_DEPLOYMENT_TARGET = 15.0;
				LD_RUNPATH_SEARCH_PATHS = (
					"$(inherited)",
					"@executable_path/Frameworks",
					"@executable_path/../../Frameworks",
				);
				MARKETING_VERSION = 1.0;
				OTHER_LDFLAGS = (
					"-framework",
					SafariServices,
				);
				PRODUCT_BUNDLE_IDENTIFIER = "com.johnh.bilibili-cdn-switcher.Extension";
				PRODUCT_NAME = "Bilibili CDN Switcher Extension";
				SDKROOT = iphoneos;
				SKIP_INSTALL = YES;
				STRING_CATALOG_GENERATE_SYMBOLS = YES;
				SWIFT_APPROACHABLE_CONCURRENCY = YES;
				SWIFT_EMIT_LOC_STRINGS = YES;
				SWIFT_UPCOMING_FEATURE_MEMBER_IMPORT_VISIBILITY = YES;
				SWIFT_VERSION = 5.0;
				TARGETED_DEVICE_FAMILY = "1,2";
			};
			name = Debug;
		};
		2B5DF6103066315800949CE2 /* Release */ = {
			isa = XCBuildConfiguration;
			buildSettings = {
				CODE_SIGN_STYLE = Automatic;
				CURRENT_PROJECT_VERSION = 1;
				GENERATE_INFOPLIST_FILE = YES;
				INFOPLIST_FILE = "iOS (Extension)/Info.plist";
				INFOPLIST_KEY_CFBundleDisplayName = "Bilibili CDN Switcher Extension";
				INFOPLIST_KEY_NSHumanReadableCopyright = "";
				IPHONEOS_DEPLOYMENT_TARGET = 15.0;
				LD_RUNPATH_SEARCH_PATHS = (
					"$(inherited)",
					"@executable_path/Frameworks",
					"@executable_path/../../Frameworks",
				);
				MARKETING_VERSION = 1.0;
				OTHER_LDFLAGS = (
					"-framework",
					SafariServices,
				);
				PRODUCT_BUNDLE_IDENTIFIER = "com.johnh.bilibili-cdn-switcher.Extension";
				PRODUCT_NAME = "Bilibili CDN Switcher Extension";
				SDKROOT = iphoneos;
				SKIP_INSTALL = YES;
				STRING_CATALOG_GENERATE_SYMBOLS = YES;
				SWIFT_APPROACHABLE_CONCURRENCY = YES;
				SWIFT_EMIT_LOC_STRINGS = YES;
				SWIFT_UPCOMING_FEATURE_MEMBER_IMPORT_VISIBILITY = YES;
				SWIFT_VERSION = 5.0;
				TARGETED_DEVICE_FAMILY = "1,2";
				VALIDATE_PRODUCT = YES;
			};
			name = Release;
		};
		2B5DF6133066315800949CE2 /* Debug */ = {
			isa = XCBuildConfiguration;
			buildSettings = {
				ASSETCATALOG_COMPILER_APPICON_NAME = AppIcon;
				ASSETCATALOG_COMPILER_GLOBAL_ACCENT_COLOR_NAME = AccentColor;
				CODE_SIGN_STYLE = Automatic;
				CURRENT_PROJECT_VERSION = 1;
				GENERATE_INFOPLIST_FILE = YES;
				INFOPLIST_FILE = "iOS (App)/Info.plist";
				INFOPLIST_KEY_CFBundleDisplayName = "Bilibili CDN Switcher";
				INFOPLIST_KEY_UIApplicationSupportsIndirectInputEvents = YES;
				INFOPLIST_KEY_UILaunchStoryboardName = LaunchScreen;
				INFOPLIST_KEY_UIMainStoryboardFile = Main;
				INFOPLIST_KEY_UISupportedInterfaceOrientations = "UIInterfaceOrientationPortrait UIInterfaceOrientationLandscapeLeft UIInterfaceOrientationLandscapeRight";
				INFOPLIST_KEY_UISupportedInterfaceOrientations_iPad = "UIInterfaceOrientationPortrait UIInterfaceOrientationPortraitUpsideDown UIInterfaceOrientationLandscapeLeft UIInterfaceOrientationLandscapeRight";
				IPHONEOS_DEPLOYMENT_TARGET = 15.0;
				LD_RUNPATH_SEARCH_PATHS = (
					"$(inherited)",
					"@executable_path/Frameworks",
				);
				MARKETING_VERSION = 1.0;
				OTHER_LDFLAGS = (
					"-framework",
					SafariServices,
					"-framework",
					WebKit,
				);
				PRODUCT_BUNDLE_IDENTIFIER = "com.johnh.bilibili-cdn-switcher";
				PRODUCT_NAME = "Bilibili CDN Switcher";
				SDKROOT = iphoneos;
				STRING_CATALOG_GENERATE_SYMBOLS = YES;
				SWIFT_APPROACHABLE_CONCURRENCY = YES;
				SWIFT_DEFAULT_ACTOR_ISOLATION = MainActor;
				SWIFT_EMIT_LOC_STRINGS = YES;
				SWIFT_UPCOMING_FEATURE_MEMBER_IMPORT_VISIBILITY = YES;
				SWIFT_VERSION = 5.0;
				TARGETED_DEVICE_FAMILY = "1,2";
			};
			name = Debug;
		};
		2B5DF6143066315800949CE2 /* Release */ = {
			isa = XCBuildConfiguration;
			buildSettings = {
				ASSETCATALOG_COMPILER_APPICON_NAME = AppIcon;
				ASSETCATALOG_COMPILER_GLOBAL_ACCENT_COLOR_NAME = AccentColor;
				CODE_SIGN_STYLE = Automatic;
				CURRENT_PROJECT_VERSION = 1;
				GENERATE_INFOPLIST_FILE = YES;
				INFOPLIST_FILE = "iOS (App)/Info.plist";
				INFOPLIST_KEY_CFBundleDisplayName = "Bilibili CDN Switcher";
				INFOPLIST_KEY_UIApplicationSupportsIndirectInputEvents = YES;
				INFOPLIST_KEY_UILaunchStoryboardName = LaunchScreen;
				INFOPLIST_KEY_UIMainStoryboardFile = Main;
				INFOPLIST_KEY_UISupportedInterfaceOrientations = "UIInterfaceOrientationPortrait UIInterfaceOrientationLandscapeLeft UIInterfaceOrientationLandscapeRight";
				INFOPLIST_KEY_UISupportedInterfaceOrientations_iPad = "UIInterfaceOrientationPortrait UIInterfaceOrientationPortraitUpsideDown UIInterfaceOrientationLandscapeLeft UIInterfaceOrientationLandscapeRight";
				IPHONEOS_DEPLOYMENT_TARGET = 15.0;
				LD_RUNPATH_SEARCH_PATHS = (
					"$(inherited)",
					"@executable_path/Frameworks",
				);
				MARKETING_VERSION = 1.0;
				OTHER_LDFLAGS = (
					"-framework",
					SafariServices,
					"-framework",
					WebKit,
				);
				PRODUCT_BUNDLE_IDENTIFIER = "com.johnh.bilibili-cdn-switcher";
				PRODUCT_NAME = "Bilibili CDN Switcher";
				SDKROOT = iphoneos;
				STRING_CATALOG_GENERATE_SYMBOLS = YES;
				SWIFT_APPROACHABLE_CONCURRENCY = YES;
				SWIFT_DEFAULT_ACTOR_ISOLATION = MainActor;
				SWIFT_EMIT_LOC_STRINGS = YES;
				SWIFT_UPCOMING_FEATURE_MEMBER_IMPORT_VISIBILITY = YES;
				SWIFT_VERSION = 5.0;
				TARGETED_DEVICE_FAMILY = "1,2";
				VALIDATE_PRODUCT = YES;
			};
			name = Release;
		};
		2B5DF6163066315800949CE2 /* Debug */ = {
			isa = XCBuildConfiguration;
			buildSettings = {
				CODE_SIGN_STYLE = Automatic;
				CURRENT_PROJECT_VERSION = 1;
				ENABLE_APP_SANDBOX = YES;
				ENABLE_HARDENED_RUNTIME = YES;
				ENABLE_USER_SELECTED_FILES = readonly;
				GENERATE_INFOPLIST_FILE = YES;
				INFOPLIST_FILE = "macOS (Extension)/Info.plist";
				INFOPLIST_KEY_CFBundleDisplayName = "Bilibili CDN Switcher Extension";
				INFOPLIST_KEY_NSHumanReadableCopyright = "";
				LD_RUNPATH_SEARCH_PATHS = (
					"$(inherited)",
					"@executable_path/../Frameworks",
					"@executable_path/../../../../Frameworks",
				);
				MACOSX_DEPLOYMENT_TARGET = 10.14;
				MARKETING_VERSION = 1.0;
				OTHER_LDFLAGS = (
					"-framework",
					SafariServices,
				);
				PRODUCT_BUNDLE_IDENTIFIER = "com.johnh.bilibili-cdn-switcher.Extension";
				PRODUCT_NAME = "Bilibili CDN Switcher Extension";
				SDKROOT = macosx;
				SKIP_INSTALL = YES;
				STRING_CATALOG_GENERATE_SYMBOLS = YES;
				SWIFT_APPROACHABLE_CONCURRENCY = YES;
				SWIFT_EMIT_LOC_STRINGS = YES;
				SWIFT_UPCOMING_FEATURE_MEMBER_IMPORT_VISIBILITY = YES;
				SWIFT_VERSION = 5.0;
			};
			name = Debug;
		};
		2B5DF6173066315800949CE2 /* Release */ = {
			isa = XCBuildConfiguration;
			buildSettings = {
				CODE_SIGN_STYLE = Automatic;
				CURRENT_PROJECT_VERSION = 1;
				ENABLE_APP_SANDBOX = YES;
				ENABLE_HARDENED_RUNTIME = YES;
				ENABLE_USER_SELECTED_FILES = readonly;
				GENERATE_INFOPLIST_FILE = YES;
				INFOPLIST_FILE = "macOS (Extension)/Info.plist";
				INFOPLIST_KEY_CFBundleDisplayName = "Bilibili CDN Switcher Extension";
				INFOPLIST_KEY_NSHumanReadableCopyright = "";
				LD_RUNPATH_SEARCH_PATHS = (
					"$(inherited)",
					"@executable_path/../Frameworks",
					"@executable_path/../../../../Frameworks",
				);
				MACOSX_DEPLOYMENT_TARGET = 10.14;
				MARKETING_VERSION = 1.0;
				OTHER_LDFLAGS = (
					"-framework",
					SafariServices,
				);
				PRODUCT_BUNDLE_IDENTIFIER = "com.johnh.bilibili-cdn-switcher.Extension";
				PRODUCT_NAME = "Bilibili CDN Switcher Extension";
				SDKROOT = macosx;
				SKIP_INSTALL = YES;
				STRING_CATALOG_GENERATE_SYMBOLS = YES;
				SWIFT_APPROACHABLE_CONCURRENCY = YES;
				SWIFT_EMIT_LOC_STRINGS = YES;
				SWIFT_UPCOMING_FEATURE_MEMBER_IMPORT_VISIBILITY = YES;
				SWIFT_VERSION = 5.0;
			};
			name = Release;
		};
		2B5DF61A3066315800949CE2 /* Debug */ = {
			isa = XCBuildConfiguration;
			buildSettings = {
				ASSETCATALOG_COMPILER_APPICON_NAME = AppIcon;
				ASSETCATALOG_COMPILER_GLOBAL_ACCENT_COLOR_NAME = AccentColor;
				CODE_SIGN_STYLE = Automatic;
				CURRENT_PROJECT_VERSION = 1;
				ENABLE_APP_SANDBOX = YES;
				ENABLE_HARDENED_RUNTIME = YES;
				ENABLE_OUTGOING_NETWORK_CONNECTIONS = YES;
				ENABLE_USER_SELECTED_FILES = readonly;
				GENERATE_INFOPLIST_FILE = YES;
				INFOPLIST_FILE = "macOS (App)/Info.plist";
				INFOPLIST_KEY_CFBundleDisplayName = "Bilibili CDN Switcher";
				INFOPLIST_KEY_NSMainStoryboardFile = Main;
				INFOPLIST_KEY_NSPrincipalClass = NSApplication;
				LD_RUNPATH_SEARCH_PATHS = (
					"$(inherited)",
					"@executable_path/../Frameworks",
				);
				MACOSX_DEPLOYMENT_TARGET = 10.14;
				MARKETING_VERSION = 1.0;
				OTHER_LDFLAGS = (
					"-framework",
					SafariServices,
					"-framework",
					WebKit,
				);
				PRODUCT_BUNDLE_IDENTIFIER = "com.johnh.bilibili-cdn-switcher";
				PRODUCT_NAME = "Bilibili CDN Switcher";
				REGISTER_APP_GROUPS = YES;
				SDKROOT = macosx;
				STRING_CATALOG_GENERATE_SYMBOLS = YES;
				SWIFT_APPROACHABLE_CONCURRENCY = YES;
				SWIFT_DEFAULT_ACTOR_ISOLATION = MainActor;
				SWIFT_EMIT_LOC_STRINGS = YES;
				SWIFT_UPCOMING_FEATURE_MEMBER_IMPORT_VISIBILITY = YES;
				SWIFT_VERSION = 5.0;
			};
			name = Debug;
		};
		2B5DF61B3066315800949CE2 /* Release */ = {
			isa = XCBuildConfiguration;
			buildSettings = {
				ASSETCATALOG_COMPILER_APPICON_NAME = AppIcon;
				ASSETCATALOG_COMPILER_GLOBAL_ACCENT_COLOR_NAME = AccentColor;
				CODE_SIGN_STYLE = Automatic;
				CURRENT_PROJECT_VERSION = 1;
				ENABLE_APP_SANDBOX = YES;
				ENABLE_HARDENED_RUNTIME = YES;
				ENABLE_OUTGOING_NETWORK_CONNECTIONS = YES;
				ENABLE_USER_SELECTED_FILES = readonly;
				GENERATE_INFOPLIST_FILE = YES;
				INFOPLIST_FILE = "macOS (App)/Info.plist";
				INFOPLIST_KEY_CFBundleDisplayName = "Bilibili CDN Switcher";
				INFOPLIST_KEY_NSMainStoryboardFile = Main;
				INFOPLIST_KEY_NSPrincipalClass = NSApplication;
				LD_RUNPATH_SEARCH_PATHS = (
					"$(inherited)",
					"@executable_path/../Frameworks",
				);
				MACOSX_DEPLOYMENT_TARGET = 10.14;
				MARKETING_VERSION = 1.0;
				OTHER_LDFLAGS = (
					"-framework",
					SafariServices,
					"-framework",
					WebKit,
				);
				PRODUCT_BUNDLE_IDENTIFIER = "com.johnh.bilibili-cdn-switcher";
				PRODUCT_NAME = "Bilibili CDN Switcher";
				REGISTER_APP_GROUPS = YES;
				SDKROOT = macosx;
				STRING_CATALOG_GENERATE_SYMBOLS = YES;
				SWIFT_APPROACHABLE_CONCURRENCY = YES;
				SWIFT_DEFAULT_ACTOR_ISOLATION = MainActor;
				SWIFT_EMIT_LOC_STRINGS = YES;
				SWIFT_UPCOMING_FEATURE_MEMBER_IMPORT_VISIBILITY = YES;
				SWIFT_VERSION = 5.0;
			};
			name = Release;
		};
/* End XCBuildConfiguration section */

/* Begin XCConfigurationList section */
		2B5DF5C03066315500949CE2 /* Build configuration list for PBXProject "Bilibili CDN Switcher" */ = {
			isa = XCConfigurationList;
			buildConfigurations = (
				2B5DF60C3066315800949CE2 /* Debug */,
				2B5DF60D3066315800949CE2 /* Release */,
			);
			defaultConfigurationIsVisible = 0;
			defaultConfigurationName = Release;
		};
		2B5DF60E3066315800949CE2 /* Build configuration list for PBXNativeTarget "Bilibili CDN Switcher Extension (iOS)" */ = {
			isa = XCConfigurationList;
			buildConfigurations = (
				2B5DF60F3066315800949CE2 /* Debug */,
				2B5DF6103066315800949CE2 /* Release */,
			);
			defaultConfigurationIsVisible = 0;
			defaultConfigurationName = Release;
		};
		2B5DF6123066315800949CE2 /* Build configuration list for PBXNativeTarget "Bilibili CDN Switcher (iOS)" */ = {
			isa = XCConfigurationList;
			buildConfigurations = (
				2B5DF6133066315800949CE2 /* Debug */,
				2B5DF6143066315800949CE2 /* Release */,
			);
			defaultConfigurationIsVisible = 0;
			defaultConfigurationName = Release;
		};
		2B5DF6153066315800949CE2 /* Build configuration list for PBXNativeTarget "Bilibili CDN Switcher Extension (macOS)" */ = {
			isa = XCConfigurationList;
			buildConfigurations = (
				2B5DF6163066315800949CE2 /* Debug */,
				2B5DF6173066315800949CE2 /* Release */,
			);
			defaultConfigurationIsVisible = 0;
			defaultConfigurationName = Release;
		};
		2B5DF6193066315800949CE2 /* Build configuration list for PBXNativeTarget "Bilibili CDN Switcher (macOS)" */ = {
			isa = XCConfigurationList;
			buildConfigurations = (
				2B5DF61A3066315800949CE2 /* Debug */,
				2B5DF61B3066315800949CE2 /* Release */,
			);
			defaultConfigurationIsVisible = 0;
			defaultConfigurationName = Release;
		};
/* End XCConfigurationList section */
	};
	rootObject = 2B5DF5BD3066315500949CE2 /* Project object */;
}
